{
  "object": {
    "pins": [
      {
        "package": "ConstructKit",
        "repositoryURL": "git@github.com:constructpm/constructkit.git",
        "state": {
          "branch": null,
          "revision": "eb9d4099b1ef9e8208268494348066b6a5b5bca5",
          "version": "1.1.6"
        }
      },
      {
        "package": "CryptoKit",
        "repositoryURL": "git@github.com:chrisamanse/CryptoKit.git",
        "state": {
          "branch": null,
          "revision": "5853f5611f47b4e0b13475e35df1d3199f5d6325",
          "version": "0.4.0"
        }
      },
      {
        "package": "SwiftPM",
        "repositoryURL": "https://github.com/apple/swift-package-manager.git",
        "state": {
          "branch": null,
          "revision": "6983434787dec4e543e9d398a0a9acf63ccd4da1",
          "version": "0.2.1"
        }
      }
    ]
  },
  "version": 1
}
